
Microsoft Visual Studio Solution File, Format Version 12.00
# Visual Studio Version 16
VisualStudioVersion = 16.0.29324.140
MinimumVisualStudioVersion = 10.0.40219.1
Project("{8BC9CEB8-8B4A-11D0-8D11-00A0C91BC942}") = "FLTK-Example", "FLTK-Example\FLTK-Example.vcxproj", "{061BDAFC-977B-42B3-9B79-43385BE2E221}"
	ProjectSection(ProjectDependencies) = postProject
		{6E4E6E25-FD5B-4B23-9AD2-348F8BCCA9FF} = {6E4E6E25-FD5B-4B23-9AD2-348F8BCCA9FF}
		{DE420A27-729A-43C0-BC4D-709E82FB33B4} = {DE420A27-729A-43C0-BC4D-709E82FB33B4}
		{FA00CC36-6229-4118-8AA8-E5095A8B9096} = {FA00CC36-6229-4118-8AA8-E5095A8B9096}
		{E305EC4E-1506-48E0-A34D-A92B7CD8D26F} = {E305EC4E-1506-48E0-A34D-A92B7CD8D26F}
		{9101B556-1E81-4BEB-84AA-4C0F50B6393E} = {9101B556-1E81-4BEB-84AA-4C0F50B6393E}
		{755E4984-1382-4D4F-ADA8-44A2921BFCB6} = {755E4984-1382-4D4F-ADA8-44A2921BFCB6}
		{B302DE8D-C92B-410C-9EB1-8F8FFE7B1DF8} = {B302DE8D-C92B-410C-9EB1-8F8FFE7B1DF8}
		{7DCB32D8-BA9D-4464-8509-366BD04D2C32} = {7DCB32D8-BA9D-4464-8509-366BD04D2C32}
	EndProjectSection
EndProject
Project("{8BC9CEB8-8B4A-11D0-8D11-00A0C91BC942}") = "freeglut", "vendor\freeglut\build\freeglut.vcxproj", "{E11BC186-41F2-40ED-BD25-34522CFEA8C9}"
EndProject
Project("{2150E333-8FDC-42A3-9474-1A3956D46DE8}") = "fltk", "fltk", "{5E49E1F3-190A-45ED-9095-FE5750FADA1E}"
EndProject
Project("{8BC9CEB8-8B4A-11D0-8D11-00A0C91BC942}") = "fltk", "vendor\fltk\build\fltk.vcxproj", "{B302DE8D-C92B-410C-9EB1-8F8FFE7B1DF8}"
EndProject
Project("{8BC9CEB8-8B4A-11D0-8D11-00A0C91BC942}") = "fltk_forms", "vendor\fltk\build\fltk_forms.vcxproj", "{DE420A27-729A-43C0-BC4D-709E82FB33B4}"
EndProject
Project("{8BC9CEB8-8B4A-11D0-8D11-00A0C91BC942}") = "fltk_gl", "vendor\fltk\build\fltk_gl.vcxproj", "{E305EC4E-1506-48E0-A34D-A92B7CD8D26F}"
	ProjectSection(ProjectDependencies) = postProject
		{E11BC186-41F2-40ED-BD25-34522CFEA8C9} = {E11BC186-41F2-40ED-BD25-34522CFEA8C9}
	EndProjectSection
EndProject
Project("{8BC9CEB8-8B4A-11D0-8D11-00A0C91BC942}") = "fltk_images", "vendor\fltk\build\fltk_images.vcxproj", "{755E4984-1382-4D4F-ADA8-44A2921BFCB6}"
EndProject
Project("{8BC9CEB8-8B4A-11D0-8D11-00A0C91BC942}") = "fltk_jpeg", "vendor\fltk\build\fltk_jpeg.vcxproj", "{7DCB32D8-BA9D-4464-8509-366BD04D2C32}"
EndProject
Project("{8BC9CEB8-8B4A-11D0-8D11-00A0C91BC942}") = "fltk_png", "vendor\fltk\build\fltk_png.vcxproj", "{6E4E6E25-FD5B-4B23-9AD2-348F8BCCA9FF}"
EndProject
Project("{8BC9CEB8-8B4A-11D0-8D11-00A0C91BC942}") = "fltk_z", "vendor\fltk\build\fltk_z.vcxproj", "{9101B556-1E81-4BEB-84AA-4C0F50B6393E}"
EndProject
Project("{8BC9CEB8-8B4A-11D0-8D11-00A0C91BC942}") = "fluid", "vendor\fltk\build\fluid.vcxproj", "{FA00CC36-6229-4118-8AA8-E5095A8B9096}"
EndProject
Project("{2150E333-8FDC-42A3-9474-1A3956D46DE8}") = "freeglut", "freeglut", "{E60845AA-182A-4019-AB2B-A9B8FAEBDFF7}"
EndProject
Global
	GlobalSection(SolutionConfigurationPlatforms) = preSolution
		Debug|x64 = Debug|x64
		Debug|x86 = Debug|x86
		Release|x64 = Release|x64
		Release|x86 = Release|x86
	EndGlobalSection
	GlobalSection(ProjectConfigurationPlatforms) = postSolution
		{061BDAFC-977B-42B3-9B79-43385BE2E221}.Debug|x64.ActiveCfg = Debug|x64
		{061BDAFC-977B-42B3-9B79-43385BE2E221}.Debug|x64.Build.0 = Debug|x64
		{061BDAFC-977B-42B3-9B79-43385BE2E221}.Debug|x86.ActiveCfg = Debug|Win32
		{061BDAFC-977B-42B3-9B79-43385BE2E221}.Debug|x86.Build.0 = Debug|Win32
		{061BDAFC-977B-42B3-9B79-43385BE2E221}.Release|x64.ActiveCfg = Release|x64
		{061BDAFC-977B-42B3-9B79-43385BE2E221}.Release|x64.Build.0 = Release|x64
		{061BDAFC-977B-42B3-9B79-43385BE2E221}.Release|x86.ActiveCfg = Release|Win32
		{061BDAFC-977B-42B3-9B79-43385BE2E221}.Release|x86.Build.0 = Release|Win32
		{E11BC186-41F2-40ED-BD25-34522CFEA8C9}.Debug|x64.ActiveCfg = Debug|x64
		{E11BC186-41F2-40ED-BD25-34522CFEA8C9}.Debug|x64.Build.0 = Debug|x64
		{E11BC186-41F2-40ED-BD25-34522CFEA8C9}.Debug|x86.ActiveCfg = Debug|Win32
		{E11BC186-41F2-40ED-BD25-34522CFEA8C9}.Debug|x86.Build.0 = Debug|Win32
		{E11BC186-41F2-40ED-BD25-34522CFEA8C9}.Release|x64.ActiveCfg = Release|x64
		{E11BC186-41F2-40ED-BD25-34522CFEA8C9}.Release|x64.Build.0 = Release|x64
		{E11BC186-41F2-40ED-BD25-34522CFEA8C9}.Release|x86.ActiveCfg = Release|Win32
		{E11BC186-41F2-40ED-BD25-34522CFEA8C9}.Release|x86.Build.0 = Release|Win32
		{B302DE8D-C92B-410C-9EB1-8F8FFE7B1DF8}.Debug|x64.ActiveCfg = Debug|x64
		{B302DE8D-C92B-410C-9EB1-8F8FFE7B1DF8}.Debug|x64.Build.0 = Debug|x64
		{B302DE8D-C92B-410C-9EB1-8F8FFE7B1DF8}.Debug|x86.ActiveCfg = Debug|Win32
		{B302DE8D-C92B-410C-9EB1-8F8FFE7B1DF8}.Debug|x86.Build.0 = Debug|Win32
		{B302DE8D-C92B-410C-9EB1-8F8FFE7B1DF8}.Release|x64.ActiveCfg = Release|x64
		{B302DE8D-C92B-410C-9EB1-8F8FFE7B1DF8}.Release|x64.Build.0 = Release|x64
		{B302DE8D-C92B-410C-9EB1-8F8FFE7B1DF8}.Release|x86.ActiveCfg = Release|Win32
		{B302DE8D-C92B-410C-9EB1-8F8FFE7B1DF8}.Release|x86.Build.0 = Release|Win32
		{DE420A27-729A-43C0-BC4D-709E82FB33B4}.Debug|x64.ActiveCfg = Debug|x64
		{DE420A27-729A-43C0-BC4D-709E82FB33B4}.Debug|x64.Build.0 = Debug|x64
		{DE420A27-729A-43C0-BC4D-709E82FB33B4}.Debug|x86.ActiveCfg = Debug|Win32
		{DE420A27-729A-43C0-BC4D-709E82FB33B4}.Debug|x86.Build.0 = Debug|Win32
		{DE420A27-729A-43C0-BC4D-709E82FB33B4}.Release|x64.ActiveCfg = Release|x64
		{DE420A27-729A-43C0-BC4D-709E82FB33B4}.Release|x64.Build.0 = Release|x64
		{DE420A27-729A-43C0-BC4D-709E82FB33B4}.Release|x86.ActiveCfg = Release|Win32
		{DE420A27-729A-43C0-BC4D-709E82FB33B4}.Release|x86.Build.0 = Release|Win32
		{E305EC4E-1506-48E0-A34D-A92B7CD8D26F}.Debug|x64.ActiveCfg = Debug|x64
		{E305EC4E-1506-48E0-A34D-A92B7CD8D26F}.Debug|x64.Build.0 = Debug|x64
		{E305EC4E-1506-48E0-A34D-A92B7CD8D26F}.Debug|x86.ActiveCfg = Debug|Win32
		{E305EC4E-1506-48E0-A34D-A92B7CD8D26F}.Debug|x86.Build.0 = Debug|Win32
		{E305EC4E-1506-48E0-A34D-A92B7CD8D26F}.Release|x64.ActiveCfg = Release|x64
		{E305EC4E-1506-48E0-A34D-A92B7CD8D26F}.Release|x64.Build.0 = Release|x64
		{E305EC4E-1506-48E0-A34D-A92B7CD8D26F}.Release|x86.ActiveCfg = Release|Win32
		{E305EC4E-1506-48E0-A34D-A92B7CD8D26F}.Release|x86.Build.0 = Release|Win32
		{755E4984-1382-4D4F-ADA8-44A2921BFCB6}.Debug|x64.ActiveCfg = Debug|x64
		{755E4984-1382-4D4F-ADA8-44A2921BFCB6}.Debug|x64.Build.0 = Debug|x64
		{755E4984-1382-4D4F-ADA8-44A2921BFCB6}.Debug|x86.ActiveCfg = Debug|Win32
		{755E4984-1382-4D4F-ADA8-44A2921BFCB6}.Debug|x86.Build.0 = Debug|Win32
		{755E4984-1382-4D4F-ADA8-44A2921BFCB6}.Release|x64.ActiveCfg = Release|x64
		{755E4984-1382-4D4F-ADA8-44A2921BFCB6}.Release|x64.Build.0 = Release|x64
		{755E4984-1382-4D4F-ADA8-44A2921BFCB6}.Release|x86.ActiveCfg = Release|Win32
		{755E4984-1382-4D4F-ADA8-44A2921BFCB6}.Release|x86.Build.0 = Release|Win32
		{7DCB32D8-BA9D-4464-8509-366BD04D2C32}.Debug|x64.ActiveCfg = Debug|x64
		{7DCB32D8-BA9D-4464-8509-366BD04D2C32}.Debug|x64.Build.0 = Debug|x64
		{7DCB32D8-BA9D-4464-8509-366BD04D2C32}.Debug|x86.ActiveCfg = Debug|Win32
		{7DCB32D8-BA9D-4464-8509-366BD04D2C32}.Debug|x86.Build.0 = Debug|Win32
		{7DCB32D8-BA9D-4464-8509-366BD04D2C32}.Release|x64.ActiveCfg = Release|x64
		{7DCB32D8-BA9D-4464-8509-366BD04D2C32}.Release|x64.Build.0 = Release|x64
		{7DCB32D8-BA9D-4464-8509-366BD04D2C32}.Release|x86.ActiveCfg = Release|Win32
		{7DCB32D8-BA9D-4464-8509-366BD04D2C32}.Release|x86.Build.0 = Release|Win32
		{6E4E6E25-FD5B-4B23-9AD2-348F8BCCA9FF}.Debug|x64.ActiveCfg = Debug|x64
		{6E4E6E25-FD5B-4B23-9AD2-348F8BCCA9FF}.Debug|x64.Build.0 = Debug|x64
		{6E4E6E25-FD5B-4B23-9AD2-348F8BCCA9FF}.Debug|x86.ActiveCfg = Debug|Win32
		{6E4E6E25-FD5B-4B23-9AD2-348F8BCCA9FF}.Debug|x86.Build.0 = Debug|Win32
		{6E4E6E25-FD5B-4B23-9AD2-348F8BCCA9FF}.Release|x64.ActiveCfg = Release|x64
		{6E4E6E25-FD5B-4B23-9AD2-348F8BCCA9FF}.Release|x64.Build.0 = Release|x64
		{6E4E6E25-FD5B-4B23-9AD2-348F8BCCA9FF}.Release|x86.ActiveCfg = Release|Win32
		{6E4E6E25-FD5B-4B23-9AD2-348F8BCCA9FF}.Release|x86.Build.0 = Release|Win32
		{9101B556-1E81-4BEB-84AA-4C0F50B6393E}.Debug|x64.ActiveCfg = Debug|x64
		{9101B556-1E81-4BEB-84AA-4C0F50B6393E}.Debug|x64.Build.0 = Debug|x64
		{9101B556-1E81-4BEB-84AA-4C0F50B6393E}.Debug|x86.ActiveCfg = Debug|Win32
		{9101B556-1E81-4BEB-84AA-4C0F50B6393E}.Debug|x86.Build.0 = Debug|Win32
		{9101B556-1E81-4BEB-84AA-4C0F50B6393E}.Release|x64.ActiveCfg = Release|x64
		{9101B556-1E81-4BEB-84AA-4C0F50B6393E}.Release|x64.Build.0 = Release|x64
		{9101B556-1E81-4BEB-84AA-4C0F50B6393E}.Release|x86.ActiveCfg = Release|Win32
		{9101B556-1E81-4BEB-84AA-4C0F50B6393E}.Release|x86.Build.0 = Release|Win32
		{FA00CC36-6229-4118-8AA8-E5095A8B9096}.Debug|x64.ActiveCfg = Debug|x64
		{FA00CC36-6229-4118-8AA8-E5095A8B9096}.Debug|x64.Build.0 = Debug|x64
		{FA00CC36-6229-4118-8AA8-E5095A8B9096}.Debug|x86.ActiveCfg = Debug|Win32
		{FA00CC36-6229-4118-8AA8-E5095A8B9096}.Debug|x86.Build.0 = Debug|Win32
		{FA00CC36-6229-4118-8AA8-E5095A8B9096}.Release|x64.ActiveCfg = Release|x64
		{FA00CC36-6229-4118-8AA8-E5095A8B9096}.Release|x64.Build.0 = Release|x64
		{FA00CC36-6229-4118-8AA8-E5095A8B9096}.Release|x86.ActiveCfg = Release|Win32
		{FA00CC36-6229-4118-8AA8-E5095A8B9096}.Release|x86.Build.0 = Release|Win32
	EndGlobalSection
	GlobalSection(SolutionProperties) = preSolution
		HideSolutionNode = FALSE
	EndGlobalSection
	GlobalSection(NestedProjects) = preSolution
		{E11BC186-41F2-40ED-BD25-34522CFEA8C9} = {E60845AA-182A-4019-AB2B-A9B8FAEBDFF7}
		{B302DE8D-C92B-410C-9EB1-8F8FFE7B1DF8} = {5E49E1F3-190A-45ED-9095-FE5750FADA1E}
		{DE420A27-729A-43C0-BC4D-709E82FB33B4} = {5E49E1F3-190A-45ED-9095-FE5750FADA1E}
		{E305EC4E-1506-48E0-A34D-A92B7CD8D26F} = {5E49E1F3-190A-45ED-9095-FE5750FADA1E}
		{755E4984-1382-4D4F-ADA8-44A2921BFCB6} = {5E49E1F3-190A-45ED-9095-FE5750FADA1E}
		{7DCB32D8-BA9D-4464-8509-366BD04D2C32} = {5E49E1F3-190A-45ED-9095-FE5750FADA1E}
		{6E4E6E25-FD5B-4B23-9AD2-348F8BCCA9FF} = {5E49E1F3-190A-45ED-9095-FE5750FADA1E}
		{9101B556-1E81-4BEB-84AA-4C0F50B6393E} = {5E49E1F3-190A-45ED-9095-FE5750FADA1E}
		{FA00CC36-6229-4118-8AA8-E5095A8B9096} = {5E49E1F3-190A-45ED-9095-FE5750FADA1E}
	EndGlobalSection
	GlobalSection(ExtensibilityGlobals) = postSolution
		SolutionGuid = {86BFBCCD-DC1B-4FA5-9951-1D4241D6A64C}
	EndGlobalSection
EndGlobal
